
Microsoft Visual Studio Solution File, Format Version 12.00
# Visual Studio Version 16
VisualStudioVersion = 16.0.29201.188
MinimumVisualStudioVersion = 10.0.40219.1
Project("{FAE04EC0-301F-11D3-BF4B-00C04F79EFBC}") = "ArtistApp.Android", "ArtistApp.Android\ArtistApp.Android.csproj", "{75C60BEF-DA2B-434B-848F-D62BEABC552A}"
EndProject
Project("{FAE04EC0-301F-11D3-BF4B-00C04F79EFBC}") = "ArtistApp.iOS", "ArtistApp.iOS\ArtistApp.iOS.csproj", "{C1607956-5016-4940-BC1F-2FF7E25E70A9}"
EndProject
Project("{FAE04EC0-301F-11D3-BF4B-00C04F79EFBC}") = "ArtistApp", "ArtistApp\ArtistApp.csproj", "{69AE14AE-74C8-451A-B33F-9A32ED7D9B41}"
EndProject
Global
	GlobalSection(SolutionConfigurationPlatforms) = preSolution
		Debug|Any CPU = Debug|Any CPU
		Debug|iPhone = Debug|iPhone
		Debug|iPhoneSimulator = Debug|iPhoneSimulator
		Release|Any CPU = Release|Any CPU
		Release|iPhone = Release|iPhone
		Release|iPhoneSimulator = Release|iPhoneSimulator
	EndGlobalSection
	GlobalSection(ProjectConfigurationPlatforms) = postSolution
		{75C60BEF-DA2B-434B-848F-D62BEABC552A}.Debug|Any CPU.ActiveCfg = Debug|Any CPU
		{75C60BEF-DA2B-434B-848F-D62BEABC552A}.Debug|Any CPU.Build.0 = Debug|Any CPU
		{75C60BEF-DA2B-434B-848F-D62BEABC552A}.Debug|Any CPU.Deploy.0 = Debug|Any CPU
		{75C60BEF-DA2B-434B-848F-D62BEABC552A}.Debug|iPhone.ActiveCfg = Debug|Any CPU
		{75C60BEF-DA2B-434B-848F-D62BEABC552A}.Debug|iPhone.Build.0 = Debug|Any CPU
		{75C60BEF-DA2B-434B-848F-D62BEABC552A}.Debug|iPhone.Deploy.0 = Debug|Any CPU
		{75C60BEF-DA2B-434B-848F-D62BEABC552A}.Debug|iPhoneSimulator.ActiveCfg = Debug|Any CPU
		{75C60BEF-DA2B-434B-848F-D62BEABC552A}.Debug|iPhoneSimulator.Build.0 = Debug|Any CPU
		{75C60BEF-DA2B-434B-848F-D62BEABC552A}.Debug|iPhoneSimulator.Deploy.0 = Debug|Any CPU
		{75C60BEF-DA2B-434B-848F-D62BEABC552A}.Release|Any CPU.ActiveCfg = Release|Any CPU
		{75C60BEF-DA2B-434B-848F-D62BEABC552A}.Release|Any CPU.Build.0 = Release|Any CPU
		{75C60BEF-DA2B-434B-848F-D62BEABC552A}.Release|Any CPU.Deploy.0 = Release|Any CPU
		{75C60BEF-DA2B-434B-848F-D62BEABC552A}.Release|iPhone.ActiveCfg = Release|Any CPU
		{75C60BEF-DA2B-434B-848F-D62BEABC552A}.Release|iPhone.Build.0 = Release|Any CPU
		{75C60BEF-DA2B-434B-848F-D62BEABC552A}.Release|iPhone.Deploy.0 = Release|Any CPU
		{75C60BEF-DA2B-434B-848F-D62BEABC552A}.Release|iPhoneSimulator.ActiveCfg = Release|Any CPU
		{75C60BEF-DA2B-434B-848F-D62BEABC552A}.Release|iPhoneSimulator.Build.0 = Release|Any CPU
		{75C60BEF-DA2B-434B-848F-D62BEABC552A}.Release|iPhoneSimulator.Deploy.0 = Release|Any CPU
		{C1607956-5016-4940-BC1F-2FF7E25E70A9}.Debug|Any CPU.ActiveCfg = Debug|iPhoneSimulator
		{C1607956-5016-4940-BC1F-2FF7E25E70A9}.Debug|Any CPU.Build.0 = Debug|iPhoneSimulator
		{C1607956-5016-4940-BC1F-2FF7E25E70A9}.Debug|Any CPU.Deploy.0 = Debug|iPhoneSimulator
		{C1607956-5016-4940-BC1F-2FF7E25E70A9}.Debug|iPhone.ActiveCfg = Debug|iPhone
		{C1607956-5016-4940-BC1F-2FF7E25E70A9}.Debug|iPhone.Build.0 = Debug|iPhone
		{C1607956-5016-4940-BC1F-2FF7E25E70A9}.Debug|iPhone.Deploy.0 = Debug|iPhone
		{C1607956-5016-4940-BC1F-2FF7E25E70A9}.Debug|iPhoneSimulator.ActiveCfg = Debug|iPhoneSimulator
		{C1607956-5016-4940-BC1F-2FF7E25E70A9}.Debug|iPhoneSimulator.Build.0 = Debug|iPhoneSimulator
		{C1607956-5016-4940-BC1F-2FF7E25E70A9}.Debug|iPhoneSimulator.Deploy.0 = Debug|iPhoneSimulator
		{C1607956-5016-4940-BC1F-2FF7E25E70A9}.Release|Any CPU.ActiveCfg = Release|iPhone
		{C1607956-5016-4940-BC1F-2FF7E25E70A9}.Release|Any CPU.Build.0 = Release|iPhone
		{C1607956-5016-4940-BC1F-2FF7E25E70A9}.Release|Any CPU.Deploy.0 = Release|iPhone
		{C1607956-5016-4940-BC1F-2FF7E25E70A9}.Release|iPhone.ActiveCfg = Release|iPhone
		{C1607956-5016-4940-BC1F-2FF7E25E70A9}.Release|iPhone.Build.0 = Release|iPhone
		{C1607956-5016-4940-BC1F-2FF7E25E70A9}.Release|iPhone.Deploy.0 = Release|iPhone
		{C1607956-5016-4940-BC1F-2FF7E25E70A9}.Release|iPhoneSimulator.ActiveCfg = Release|iPhoneSimulator
		{C1607956-5016-4940-BC1F-2FF7E25E70A9}.Release|iPhoneSimulator.Build.0 = Release|iPhoneSimulator
		{C1607956-5016-4940-BC1F-2FF7E25E70A9}.Release|iPhoneSimulator.Deploy.0 = Release|iPhoneSimulator
		{69AE14AE-74C8-451A-B33F-9A32ED7D9B41}.Debug|Any CPU.ActiveCfg = Debug|Any CPU
		{69AE14AE-74C8-451A-B33F-9A32ED7D9B41}.Debug|Any CPU.Build.0 = Debug|Any CPU
		{69AE14AE-74C8-451A-B33F-9A32ED7D9B41}.Debug|Any CPU.Deploy.0 = Debug|Any CPU
		{69AE14AE-74C8-451A-B33F-9A32ED7D9B41}.Debug|iPhone.ActiveCfg = Debug|Any CPU
		{69AE14AE-74C8-451A-B33F-9A32ED7D9B41}.Debug|iPhone.Build.0 = Debug|Any CPU
		{69AE14AE-74C8-451A-B33F-9A32ED7D9B41}.Debug|iPhone.Deploy.0 = Debug|Any CPU
		{69AE14AE-74C8-451A-B33F-9A32ED7D9B41}.Debug|iPhoneSimulator.ActiveCfg = Debug|Any CPU
		{69AE14AE-74C8-451A-B33F-9A32ED7D9B41}.Debug|iPhoneSimulator.Build.0 = Debug|Any CPU
		{69AE14AE-74C8-451A-B33F-9A32ED7D9B41}.Debug|iPhoneSimulator.Deploy.0 = Debug|Any CPU
		{69AE14AE-74C8-451A-B33F-9A32ED7D9B41}.Release|Any CPU.ActiveCfg = Release|Any CPU
		{69AE14AE-74C8-451A-B33F-9A32ED7D9B41}.Release|Any CPU.Build.0 = Release|Any CPU
		{69AE14AE-74C8-451A-B33F-9A32ED7D9B41}.Release|Any CPU.Deploy.0 = Release|Any CPU
		{69AE14AE-74C8-451A-B33F-9A32ED7D9B41}.Release|iPhone.ActiveCfg = Release|Any CPU
		{69AE14AE-74C8-451A-B33F-9A32ED7D9B41}.Release|iPhone.Build.0 = Release|Any CPU
		{69AE14AE-74C8-451A-B33F-9A32ED7D9B41}.Release|iPhone.Deploy.0 = Release|Any CPU
		{69AE14AE-74C8-451A-B33F-9A32ED7D9B41}.Release|iPhoneSimulator.ActiveCfg = Release|Any CPU
		{69AE14AE-74C8-451A-B33F-9A32ED7D9B41}.Release|iPhoneSimulator.Build.0 = Release|Any CPU
		{69AE14AE-74C8-451A-B33F-9A32ED7D9B41}.Release|iPhoneSimulator.Deploy.0 = Release|Any CPU
	EndGlobalSection
	GlobalSection(SolutionProperties) = preSolution
		HideSolutionNode = FALSE
	EndGlobalSection
	GlobalSection(ExtensibilityGlobals) = postSolution
		SolutionGuid = {5076D91C-DD81-4AFC-A4C3-D502C9C8A68E}
	EndGlobalSection
EndGlobal
